
Microsoft Visual Studio Solution File, Format Version 12.00
# Visual Studio 2017
Project("{FAE04EC0-301F-11D3-BF4B-00C04F79EFBC}") = "VRKnight", "VRKnight.csproj", "{35A2E657-9E3B-7963-E62B-6905D8925513}"
EndProject
Project("{FAE04EC0-301F-11D3-BF4B-00C04F79EFBC}") = "VRKnight.Editor", "VRKnight.Editor.csproj", "{F89AE88B-6023-E964-B078-D72CBFEFA11B}"
EndProject
Global
	GlobalSection(SolutionConfigurationPlatforms) = preSolution
		Debug|Any CPU = Debug|Any CPU
		Release|Any CPU = Release|Any CPU
	EndGlobalSection
	GlobalSection(ProjectConfigurationPlatforms) = postSolution
		{35A2E657-9E3B-7963-E62B-6905D8925513}.Debug|Any CPU.ActiveCfg = Debug|Any CPU
		{35A2E657-9E3B-7963-E62B-6905D8925513}.Debug|Any CPU.Build.0 = Debug|Any CPU
		{35A2E657-9E3B-7963-E62B-6905D8925513}.Release|Any CPU.ActiveCfg = Release|Any CPU
		{35A2E657-9E3B-7963-E62B-6905D8925513}.Release|Any CPU.Build.0 = Release|Any CPU
		{F89AE88B-6023-E964-B078-D72CBFEFA11B}.Debug|Any CPU.ActiveCfg = Debug|Any CPU
		{F89AE88B-6023-E964-B078-D72CBFEFA11B}.Debug|Any CPU.Build.0 = Debug|Any CPU
		{F89AE88B-6023-E964-B078-D72CBFEFA11B}.Release|Any CPU.ActiveCfg = Release|Any CPU
		{F89AE88B-6023-E964-B078-D72CBFEFA11B}.Release|Any CPU.Build.0 = Release|Any CPU
	EndGlobalSection
	GlobalSection(SolutionProperties) = preSolution
		HideSolutionNode = FALSE
	EndGlobalSection
EndGlobal
